Microsoft Visual Studio Solution File, Format Version 12.00
# Visual Studio Version 17
VisualStudioVersion = 17.0.31903.59
MinimumVisualStudioVersion = 10.0.40219.1
Project("{FAE04EC0-301F-11D3-BF4B-00C04F79EFBC}") = "OpenTraceProject.App", "OpenTraceProject.App\OpenTraceProject.App.csproj", "{D7E2C4FA-6B1A-4B65-9F1A-3D3B7F1E1A01}"
EndProject
Project("{FAE04EC0-301F-11D3-BF4B-00C04F79EFBC}") = "OpenTraceProject.Core", "OpenTraceProject.Core\OpenTraceProject.Core.csproj", "{62F5C1A1-9B0A-4B2C-9B7E-0C7DB3C6B2E1}"
EndProject
Project("{FAE04EC0-301F-11D3-BF4B-00C04F79EFBC}") = "OpenTraceProject.Engine", "OpenTraceProject.Engine\OpenTraceProject.Engine.csproj", "{4B2A2C27-3C3C-4E8C-B4B2-09F287C8A5C4}"
EndProject
Project("{FAE04EC0-301F-11D3-BF4B-00C04F79EFBC}") = "OpenTraceProject.Infrastructure", "OpenTraceProject.Infrastructure\OpenTraceProject.Infrastructure.csproj", "{B4A5D04E-4A9D-4D9E-8A0D-2B8A0F0D9B51}"
EndProject
Project("{FAE04EC0-301F-11D3-BF4B-00C04F79EFBC}") = "OpenTraceProject.ElevatedHost", "OpenTraceProject.ElevatedHost\OpenTraceProject.ElevatedHost.csproj", "{8B2B0AC2-9C57-4A7C-9E3C-5C6B6D9F9E0B}"
EndProject
Project("{FAE04EC0-301F-11D3-BF4B-00C04F79EFBC}") = "OpenTraceProject.CLI", "OpenTraceProject.CLI\OpenTraceProject.CLI.csproj", "{AA52CFE8-1D1C-4A0B-8D5C-8C4E7B3B2A12}"
EndProject
Project("{FAE04EC0-301F-11D3-BF4B-00C04F79EFBC}") = "OpenTraceProject.Tests", "OpenTraceProject.Tests\OpenTraceProject.Tests.csproj", "{B6C1A9B1-3C6E-4B19-93A6-6B2B0A7E8C33}"
EndProject
Project("{FAE04EC0-301F-11D3-BF4B-00C04F79EFBC}") = "OpenTraceProject.Plugins.DevTools", "OpenTraceProject.Plugins.DevTools\OpenTraceProject.Plugins.DevTools.csproj", "{9C1B4D0A-2A3E-4B2D-8F31-3F79E64B7A2C}"
EndProject
Global
    GlobalSection(SolutionConfigurationPlatforms) = preSolution
        Debug|Any CPU = Debug|Any CPU
        Release|Any CPU = Release|Any CPU
    EndGlobalSection
    GlobalSection(ProjectConfigurationPlatforms) = postSolution
        {D7E2C4FA-6B1A-4B65-9F1A-3D3B7F1E1A01}.Debug|Any CPU.ActiveCfg = Debug|Any CPU
        {D7E2C4FA-6B1A-4B65-9F1A-3D3B7F1E1A01}.Debug|Any CPU.Build.0 = Debug|Any CPU
        {D7E2C4FA-6B1A-4B65-9F1A-3D3B7F1E1A01}.Release|Any CPU.ActiveCfg = Release|Any CPU
        {D7E2C4FA-6B1A-4B65-9F1A-3D3B7F1E1A01}.Release|Any CPU.Build.0 = Release|Any CPU

        {62F5C1A1-9B0A-4B2C-9B7E-0C7DB3C6B2E1}.Debug|Any CPU.ActiveCfg = Debug|Any CPU
        {62F5C1A1-9B0A-4B2C-9B7E-0C7DB3C6B2E1}.Debug|Any CPU.Build.0 = Debug|Any CPU
        {62F5C1A1-9B0A-4B2C-9B7E-0C7DB3C6B2E1}.Release|Any CPU.ActiveCfg = Release|Any CPU
        {62F5C1A1-9B0A-4B2C-9B7E-0C7DB3C6B2E1}.Release|Any CPU.Build.0 = Release|Any CPU

        {4B2A2C27-3C3C-4E8C-B4B2-09F287C8A5C4}.Debug|Any CPU.ActiveCfg = Debug|Any CPU
        {4B2A2C27-3C3C-4E8C-B4B2-09F287C8A5C4}.Debug|Any CPU.Build.0 = Debug|Any CPU
        {4B2A2C27-3C3C-4E8C-B4B2-09F287C8A5C4}.Release|Any CPU.ActiveCfg = Release|Any CPU
        {4B2A2C27-3C3C-4E8C-B4B2-09F287C8A5C4}.Release|Any CPU.Build.0 = Release|Any CPU

        {B4A5D04E-4A9D-4D9E-8A0D-2B8A0F0D9B51}.Debug|Any CPU.ActiveCfg = Debug|Any CPU
        {B4A5D04E-4A9D-4D9E-8A0D-2B8A0F0D9B51}.Debug|Any CPU.Build.0 = Debug|Any CPU
        {B4A5D04E-4A9D-4D9E-8A0D-2B8A0F0D9B51}.Release|Any CPU.ActiveCfg = Release|Any CPU
        {B4A5D04E-4A9D-4D9E-8A0D-2B8A0F0D9B51}.Release|Any CPU.Build.0 = Release|Any CPU

        {8B2B0AC2-9C57-4A7C-9E3C-5C6B6D9F9E0B}.Debug|Any CPU.ActiveCfg = Debug|Any CPU
        {8B2B0AC2-9C57-4A7C-9E3C-5C6B6D9F9E0B}.Debug|Any CPU.Build.0 = Debug|Any CPU
        {8B2B0AC2-9C57-4A7C-9E3C-5C6B6D9F9E0B}.Release|Any CPU.ActiveCfg = Release|Any CPU
        {8B2B0AC2-9C57-4A7C-9E3C-5C6B6D9F9E0B}.Release|Any CPU.Build.0 = Release|Any CPU

        {AA52CFE8-1D1C-4A0B-8D5C-8C4E7B3B2A12}.Debug|Any CPU.ActiveCfg = Debug|Any CPU
        {AA52CFE8-1D1C-4A0B-8D5C-8C4E7B3B2A12}.Debug|Any CPU.Build.0 = Debug|Any CPU
        {AA52CFE8-1D1C-4A0B-8D5C-8C4E7B3B2A12}.Release|Any CPU.ActiveCfg = Release|Any CPU
        {AA52CFE8-1D1C-4A0B-8D5C-8C4E7B3B2A12}.Release|Any CPU.Build.0 = Release|Any CPU

        {B6C1A9B1-3C6E-4B19-93A6-6B2B0A7E8C33}.Debug|Any CPU.ActiveCfg = Debug|Any CPU
        {B6C1A9B1-3C6E-4B19-93A6-6B2B0A7E8C33}.Debug|Any CPU.Build.0 = Debug|Any CPU
        {B6C1A9B1-3C6E-4B19-93A6-6B2B0A7E8C33}.Release|Any CPU.ActiveCfg = Release|Any CPU
        {B6C1A9B1-3C6E-4B19-93A6-6B2B0A7E8C33}.Release|Any CPU.Build.0 = Release|Any CPU

        {9C1B4D0A-2A3E-4B2D-8F31-3F79E64B7A2C}.Debug|Any CPU.ActiveCfg = Debug|Any CPU
        {9C1B4D0A-2A3E-4B2D-8F31-3F79E64B7A2C}.Debug|Any CPU.Build.0 = Debug|Any CPU
        {9C1B4D0A-2A3E-4B2D-8F31-3F79E64B7A2C}.Release|Any CPU.ActiveCfg = Release|Any CPU
        {9C1B4D0A-2A3E-4B2D-8F31-3F79E64B7A2C}.Release|Any CPU.Build.0 = Release|Any CPU

    EndGlobalSection
    GlobalSection(SolutionProperties) = preSolution
        HideSolutionNode = FALSE
    EndGlobalSection
EndGlobal
