<Solution>
  <Project Path="app/app.csproj" />
  <Project Path="cli/cli.csproj" />
  <Project Path="core/core.csproj" />
  <Project Path="elevated-host/elevated-host.csproj" />
  <Project Path="engine/engine.csproj" />
  <Project Path="infrastructure/infrastructure.csproj" />
  <Project Path="plugins-devtools/plugins-devtools.csproj" />
  <Project Path="tests/tests.csproj" />
</Solution>
